
Microsoft Visual Studio Solution File, Format Version 12.00
# Visual Studio 14
VisualStudioVersion = 14.0.25123.0
MinimumVisualStudioVersion = 10.0.40219.1
Project("{FAE04EC0-301F-11D3-BF4B-00C04F79EFBC}") = "motGatewayTests", "motGatewayTests\motGatewayTests.csproj", "{9FDFE813-09AB-4D63-86CD-3A087711534F}"
EndProject
Project("{FAE04EC0-301F-11D3-BF4B-00C04F79EFBC}") = "motInboundLib", "motClassLibrary\motInboundLib.csproj", "{E6380E69-7E57-42A2-9D15-CFBA019B2CCD}"
EndProject
Project("{2150E333-8FDC-42A3-9474-1A3956D46DE8}") = "Samples and Templates", "Samples and Templates", "{82CC8ABD-1DD7-4DD3-B000-3E76F552CB8B}"
EndProject
Project("{2150E333-8FDC-42A3-9474-1A3956D46DE8}") = "Templates", "Templates", "{0B260832-0082-4E5A-B583-C0B14E20607D}"
EndProject
Project("{2150E333-8FDC-42A3-9474-1A3956D46DE8}") = "Samples", "Samples", "{39B60310-AF0E-4ED4-AC51-2E17A661EECA}"
	ProjectSection(SolutionItems) = preProject
		motSamples\sampleDrug.json = motSamples\sampleDrug.json
		motSamples\sampleDrug.xml = motSamples\sampleDrug.xml
		motSamples\sampleLocation.xml = motSamples\sampleLocation.xml
		motSamples\samplePatient.xml = motSamples\samplePatient.xml
		motSamples\samplePrescriber.xml = motSamples\samplePrescriber.xml
		motSamples\sampleScrip.xml = motSamples\sampleScrip.xml
		motSamples\sampleStore.xml = motSamples\sampleStore.xml
		motSamples\sampleTimQtys.xml = motSamples\sampleTimQtys.xml
		motSamples\testPrescriber-BAD.xml = motSamples\testPrescriber-BAD.xml
		motSamples\testPrescriber.xml = motSamples\testPrescriber.xml
		motSamples\testPrescriber1-Loose.xml = motSamples\testPrescriber1-Loose.xml
		motSamples\testPrescriber1-Strict.xml = motSamples\testPrescriber1-Strict.xml
		motSamples\testPrescriber1.json = motSamples\testPrescriber1.json
		motSamples\testPrescriber1.mot = motSamples\testPrescriber1.mot
	EndProjectSection
EndProject
Project("{2150E333-8FDC-42A3-9474-1A3956D46DE8}") = "XML", "XML", "{0046A0D5-B92A-4339-AE95-AFA05E467F54}"
	ProjectSection(SolutionItems) = preProject
		motTemplates\XML\Drug.xml = motTemplates\XML\Drug.xml
		motTemplates\XML\Drug.xsd = motTemplates\XML\Drug.xsd
		motTemplates\XML\Location.xml = motTemplates\XML\Location.xml
		motTemplates\XML\Location.xsd = motTemplates\XML\Location.xsd
		motTemplates\XML\Patient.xml = motTemplates\XML\Patient.xml
		motTemplates\XML\Patient.xsd = motTemplates\XML\Patient.xsd
		motTemplates\XML\Prescriber.xml = motTemplates\XML\Prescriber.xml
		motTemplates\XML\Prescriber.xsd = motTemplates\XML\Prescriber.xsd
		motTemplates\XML\Scrip.xml = motTemplates\XML\Scrip.xml
		motTemplates\XML\Scrip.xsd = motTemplates\XML\Scrip.xsd
		motTemplates\XML\Store.xml = motTemplates\XML\Store.xml
		motTemplates\XML\Store.xsd = motTemplates\XML\Store.xsd
		motTemplates\XML\TimesQty.xsd = motTemplates\XML\TimesQty.xsd
		motTemplates\XML\TimesQtys.xml = motTemplates\XML\TimesQtys.xml
	EndProjectSection
EndProject
Project("{2150E333-8FDC-42A3-9474-1A3956D46DE8}") = "JSON", "JSON", "{E43EE68D-318B-4D71-A40C-99DA5C2F9A2A}"
	ProjectSection(SolutionItems) = preProject
		motTemplates\JSON\Drug-schema.json = motTemplates\JSON\Drug-schema.json
		motTemplates\JSON\Drug.json = motTemplates\JSON\Drug.json
		motTemplates\JSON\Location-schema.json = motTemplates\JSON\Location-schema.json
		motTemplates\JSON\Location.json = motTemplates\JSON\Location.json
		motTemplates\JSON\Patient-schema.json = motTemplates\JSON\Patient-schema.json
		motTemplates\JSON\Patient.json = motTemplates\JSON\Patient.json
		motTemplates\JSON\prescriber-schema.json = motTemplates\JSON\prescriber-schema.json
		motTemplates\JSON\Prescriber.json = motTemplates\JSON\Prescriber.json
		motTemplates\JSON\Scrip-schema.json = motTemplates\JSON\Scrip-schema.json
		motTemplates\JSON\Scrip.json = motTemplates\JSON\Scrip.json
	EndProjectSection
EndProject
Project("{FAE04EC0-301F-11D3-BF4B-00C04F79EFBC}") = "CPRPlusInterface", "CPRPlusInterface\CPRPlusInterface.csproj", "{350C754B-3E6F-4F06-A123-2945D108EDEC}"
EndProject
Project("{FAE04EC0-301F-11D3-BF4B-00C04F79EFBC}") = "FrameworksHL7", "FrameworksHL7\FrameworksHL7.csproj", "{A495713C-FAE1-49B4-9C16-0A6A2CA20ED9}"
EndProject
Project("{FAE04EC0-301F-11D3-BF4B-00C04F79EFBC}") = "HL7ToXmlConverter", "hl7toxml-88096\HL7ToXmlConverter\HL7ToXmlConverter\HL7ToXmlConverter.csproj", "{26F4F086-7D09-4D82-B1DA-F7780872CB56}"
EndProject
Project("{FAE04EC0-301F-11D3-BF4B-00C04F79EFBC}") = "HL7ToXmlConverter.Test", "hl7toxml-88096\HL7ToXmlConverter\HL7ToXmlConverterTest\HL7ToXmlConverter.Test.csproj", "{393F2C1E-57F6-40B0-AFCD-F5DD2BA5E5B5}"
EndProject
Project("{FAE04EC0-301F-11D3-BF4B-00C04F79EFBC}") = "HL7Tester", "HL7Tester\HL7Tester.csproj", "{7F675B8E-8A27-4F38-AC86-1BD9E648D533}"
EndProject
Global
	GlobalSection(SolutionConfigurationPlatforms) = preSolution
		Debug|Any CPU = Debug|Any CPU
		Release|Any CPU = Release|Any CPU
	EndGlobalSection
	GlobalSection(ProjectConfigurationPlatforms) = postSolution
		{9FDFE813-09AB-4D63-86CD-3A087711534F}.Debug|Any CPU.ActiveCfg = Debug|Any CPU
		{9FDFE813-09AB-4D63-86CD-3A087711534F}.Debug|Any CPU.Build.0 = Debug|Any CPU
		{9FDFE813-09AB-4D63-86CD-3A087711534F}.Release|Any CPU.ActiveCfg = Release|Any CPU
		{9FDFE813-09AB-4D63-86CD-3A087711534F}.Release|Any CPU.Build.0 = Release|Any CPU
		{E6380E69-7E57-42A2-9D15-CFBA019B2CCD}.Debug|Any CPU.ActiveCfg = Debug|Any CPU
		{E6380E69-7E57-42A2-9D15-CFBA019B2CCD}.Debug|Any CPU.Build.0 = Debug|Any CPU
		{E6380E69-7E57-42A2-9D15-CFBA019B2CCD}.Release|Any CPU.ActiveCfg = Release|Any CPU
		{E6380E69-7E57-42A2-9D15-CFBA019B2CCD}.Release|Any CPU.Build.0 = Release|Any CPU
		{350C754B-3E6F-4F06-A123-2945D108EDEC}.Debug|Any CPU.ActiveCfg = Debug|Any CPU
		{350C754B-3E6F-4F06-A123-2945D108EDEC}.Debug|Any CPU.Build.0 = Debug|Any CPU
		{350C754B-3E6F-4F06-A123-2945D108EDEC}.Release|Any CPU.ActiveCfg = Release|Any CPU
		{350C754B-3E6F-4F06-A123-2945D108EDEC}.Release|Any CPU.Build.0 = Release|Any CPU
		{A495713C-FAE1-49B4-9C16-0A6A2CA20ED9}.Debug|Any CPU.ActiveCfg = Debug|Any CPU
		{A495713C-FAE1-49B4-9C16-0A6A2CA20ED9}.Debug|Any CPU.Build.0 = Debug|Any CPU
		{A495713C-FAE1-49B4-9C16-0A6A2CA20ED9}.Release|Any CPU.ActiveCfg = Release|Any CPU
		{A495713C-FAE1-49B4-9C16-0A6A2CA20ED9}.Release|Any CPU.Build.0 = Release|Any CPU
		{26F4F086-7D09-4D82-B1DA-F7780872CB56}.Debug|Any CPU.ActiveCfg = Debug|Any CPU
		{26F4F086-7D09-4D82-B1DA-F7780872CB56}.Debug|Any CPU.Build.0 = Debug|Any CPU
		{26F4F086-7D09-4D82-B1DA-F7780872CB56}.Release|Any CPU.ActiveCfg = Release|Any CPU
		{26F4F086-7D09-4D82-B1DA-F7780872CB56}.Release|Any CPU.Build.0 = Release|Any CPU
		{393F2C1E-57F6-40B0-AFCD-F5DD2BA5E5B5}.Debug|Any CPU.ActiveCfg = Debug|Any CPU
		{393F2C1E-57F6-40B0-AFCD-F5DD2BA5E5B5}.Debug|Any CPU.Build.0 = Debug|Any CPU
		{393F2C1E-57F6-40B0-AFCD-F5DD2BA5E5B5}.Release|Any CPU.ActiveCfg = Release|Any CPU
		{393F2C1E-57F6-40B0-AFCD-F5DD2BA5E5B5}.Release|Any CPU.Build.0 = Release|Any CPU
		{7F675B8E-8A27-4F38-AC86-1BD9E648D533}.Debug|Any CPU.ActiveCfg = Debug|Any CPU
		{7F675B8E-8A27-4F38-AC86-1BD9E648D533}.Debug|Any CPU.Build.0 = Debug|Any CPU
		{7F675B8E-8A27-4F38-AC86-1BD9E648D533}.Release|Any CPU.ActiveCfg = Release|Any CPU
		{7F675B8E-8A27-4F38-AC86-1BD9E648D533}.Release|Any CPU.Build.0 = Release|Any CPU
	EndGlobalSection
	GlobalSection(SolutionProperties) = preSolution
		HideSolutionNode = FALSE
	EndGlobalSection
	GlobalSection(NestedProjects) = preSolution
		{0B260832-0082-4E5A-B583-C0B14E20607D} = {82CC8ABD-1DD7-4DD3-B000-3E76F552CB8B}
		{39B60310-AF0E-4ED4-AC51-2E17A661EECA} = {82CC8ABD-1DD7-4DD3-B000-3E76F552CB8B}
		{0046A0D5-B92A-4339-AE95-AFA05E467F54} = {0B260832-0082-4E5A-B583-C0B14E20607D}
		{E43EE68D-318B-4D71-A40C-99DA5C2F9A2A} = {0B260832-0082-4E5A-B583-C0B14E20607D}
	EndGlobalSection
EndGlobal
