
Microsoft Visual Studio Solution File, Format Version 12.00
# Visual Studio 14
VisualStudioVersion = 14.0.25420.1
MinimumVisualStudioVersion = 10.0.40219.1
Project("{FAE04EC0-301F-11D3-BF4B-00C04F79EFBC}") = "motCoreTests", "motGatewayTests\motCoreTests.csproj", "{9FDFE813-09AB-4D63-86CD-3A087711534F}"
EndProject
Project("{FAE04EC0-301F-11D3-BF4B-00C04F79EFBC}") = "motInboundLib", "motClassLibrary\motInboundLib.csproj", "{E6380E69-7E57-42A2-9D15-CFBA019B2CCD}"
EndProject
Project("{2150E333-8FDC-42A3-9474-1A3956D46DE8}") = "Samples", "Samples", "{82CC8ABD-1DD7-4DD3-B000-3E76F552CB8B}"
EndProject
Project("{2150E333-8FDC-42A3-9474-1A3956D46DE8}") = "Records", "Records", "{0B260832-0082-4E5A-B583-C0B14E20607D}"
EndProject
Project("{2150E333-8FDC-42A3-9474-1A3956D46DE8}") = "Sample Data", "Sample Data", "{39B60310-AF0E-4ED4-AC51-2E17A661EECA}"
	ProjectSection(SolutionItems) = preProject
		motSamples\sampleDrug.json = motSamples\sampleDrug.json
		motSamples\sampleDrug.xml = motSamples\sampleDrug.xml
		motSamples\sampleLocation.xml = motSamples\sampleLocation.xml
		motSamples\samplePatient.xml = motSamples\samplePatient.xml
		motSamples\samplePrescriber.xml = motSamples\samplePrescriber.xml
		motSamples\sampleScrip.xml = motSamples\sampleScrip.xml
		motSamples\sampleStore.xml = motSamples\sampleStore.xml
		motSamples\sampleTimQtys.xml = motSamples\sampleTimQtys.xml
		motSamples\testPrescriber-BAD.xml = motSamples\testPrescriber-BAD.xml
		motSamples\testPrescriber.xml = motSamples\testPrescriber.xml
		motSamples\testPrescriber1-Loose.xml = motSamples\testPrescriber1-Loose.xml
		motSamples\testPrescriber1-Strict.xml = motSamples\testPrescriber1-Strict.xml
		motSamples\testPrescriber1.json = motSamples\testPrescriber1.json
		motSamples\testPrescriber1.mot = motSamples\testPrescriber1.mot
	EndProjectSection
EndProject
Project("{2150E333-8FDC-42A3-9474-1A3956D46DE8}") = "XML", "XML", "{0046A0D5-B92A-4339-AE95-AFA05E467F54}"
	ProjectSection(SolutionItems) = preProject
		motTemplates\XML\Drug.xml = motTemplates\XML\Drug.xml
		motTemplates\XML\Drug.xsd = motTemplates\XML\Drug.xsd
		motTemplates\XML\Location.xml = motTemplates\XML\Location.xml
		motTemplates\XML\Location.xsd = motTemplates\XML\Location.xsd
		motTemplates\XML\Patient.xml = motTemplates\XML\Patient.xml
		motTemplates\XML\Patient.xsd = motTemplates\XML\Patient.xsd
		motTemplates\XML\Prescriber.xml = motTemplates\XML\Prescriber.xml
		motTemplates\XML\Prescriber.xsd = motTemplates\XML\Prescriber.xsd
		motTemplates\XML\Scrip.xml = motTemplates\XML\Scrip.xml
		motTemplates\XML\Scrip.xsd = motTemplates\XML\Scrip.xsd
		motTemplates\XML\Store.xml = motTemplates\XML\Store.xml
		motTemplates\XML\Store.xsd = motTemplates\XML\Store.xsd
		motTemplates\XML\TimesQty.xsd = motTemplates\XML\TimesQty.xsd
		motTemplates\XML\TimesQtys.xml = motTemplates\XML\TimesQtys.xml
	EndProjectSection
EndProject
Project("{2150E333-8FDC-42A3-9474-1A3956D46DE8}") = "JSON", "JSON", "{E43EE68D-318B-4D71-A40C-99DA5C2F9A2A}"
	ProjectSection(SolutionItems) = preProject
		motTemplates\JSON\Drug-schema.json = motTemplates\JSON\Drug-schema.json
		motTemplates\JSON\Drug.json = motTemplates\JSON\Drug.json
		motTemplates\JSON\Location-schema.json = motTemplates\JSON\Location-schema.json
		motTemplates\JSON\Location.json = motTemplates\JSON\Location.json
		motTemplates\JSON\Patient-schema.json = motTemplates\JSON\Patient-schema.json
		motTemplates\JSON\Patient.json = motTemplates\JSON\Patient.json
		motTemplates\JSON\prescriber-schema.json = motTemplates\JSON\prescriber-schema.json
		motTemplates\JSON\Prescriber.json = motTemplates\JSON\Prescriber.json
		motTemplates\JSON\Scrip-schema.json = motTemplates\JSON\Scrip-schema.json
		motTemplates\JSON\Scrip.json = motTemplates\JSON\Scrip.json
	EndProjectSection
EndProject
Project("{FAE04EC0-301F-11D3-BF4B-00C04F79EFBC}") = "CPRPlusInterface", "CPRPlusInterface\CPRPlusInterface.csproj", "{350C754B-3E6F-4F06-A123-2945D108EDEC}"
EndProject
Project("{54435603-DBB4-11D2-8724-00A0C9A8B90C}") = "CPRPlusInterfaceInstaller", "CPRPlusInstall\CPRPlusInstall.vdproj", "{ECEA37A9-2506-4BCE-A170-E9CB604C1B69}"
EndProject
Project("{FAE04EC0-301F-11D3-BF4B-00C04F79EFBC}") = "motWell", "motWell\motWell.csproj", "{77661540-2DF3-4699-9C30-251A4FF86B1C}"
EndProject
Project("{FAE04EC0-301F-11D3-BF4B-00C04F79EFBC}") = "motCommonLib", "motCommonLib\motCommonLib.csproj", "{CA048B94-057E-4F73-B60D-4F79096E46C9}"
EndProject
Project("{FAE04EC0-301F-11D3-BF4B-00C04F79EFBC}") = "motOutboundLib", "motOutboundLib\motOutboundLib.csproj", "{B8CACED9-09D0-411F-9FD6-11DCF222DDFD}"
EndProject
Project("{FAE04EC0-301F-11D3-BF4B-00C04F79EFBC}") = "eSmartPassIntegration", "eSmartPassIntegration\eSmartPassIntegration.csproj", "{49D37C45-5CEA-4B25-B3DD-29B2FC52FCC7}"
EndProject
Project("{FAE04EC0-301F-11D3-BF4B-00C04F79EFBC}") = "SynMedIntegration", "SynMedIntegration\SynMedIntegration.csproj", "{57731163-A29E-48E7-94B4-5A5F7E92BF03}"
EndProject
Project("{FAE04EC0-301F-11D3-BF4B-00C04F79EFBC}") = "QuickMARIntegration", "QuickMARIntegration\QuickMARIntegration.csproj", "{5BC63C94-E097-47EA-B5FD-1D21BF36DED7}"
EndProject
Project("{FAE04EC0-301F-11D3-BF4B-00C04F79EFBC}") = "QS1Interface", "OS1Interface\QS1Interface.csproj", "{56E341BB-765E-4683-A292-56FF5F2FD7C5}"
EndProject
Project("{FAE04EC0-301F-11D3-BF4B-00C04F79EFBC}") = "PioneerRXIntegration", "PioneerRXIntegration\PioneerRXIntegration.csproj", "{F491F90E-DF71-4DF5-B85E-03D9A498D9D1}"
EndProject
Project("{2150E333-8FDC-42A3-9474-1A3956D46DE8}") = "Inbound Integrations", "Inbound Integrations", "{95965FB8-B47F-4E4F-A249-1ED718D88EB9}"
EndProject
Project("{2150E333-8FDC-42A3-9474-1A3956D46DE8}") = "Outbound Integrations", "Outbound Integrations", "{84715AFE-728C-4A37-8CB2-F654EFC8F076}"
EndProject
Project("{2150E333-8FDC-42A3-9474-1A3956D46DE8}") = "Installers", "Installers", "{64B1FA3D-6797-4DC4-93C4-BB7ED35D013C}"
EndProject
Project("{2150E333-8FDC-42A3-9474-1A3956D46DE8}") = "Specifications", "Specifications", "{F250817F-FC96-4E20-8AED-240C1C0935CC}"
	ProjectSection(SolutionItems) = preProject
		Specifications\eSmartPass-mot_model.xml = Specifications\eSmartPass-mot_model.xml
		MOT Interface Spec.xml = MOT Interface Spec.xml
		Specifications\PioneerRX Universal Interface.xml = Specifications\PioneerRX Universal Interface.xml
	EndProjectSection
EndProject
Project("{2150E333-8FDC-42A3-9474-1A3956D46DE8}") = "Libraries", "Libraries", "{FC0E43A3-BA36-4CD4-8F3C-40477E235AEF}"
EndProject
Project("{2150E333-8FDC-42A3-9474-1A3956D46DE8}") = "Tests", "Tests", "{5AA5177A-1E42-41D2-BF38-9DF61F8DD0F9}"
EndProject
Project("{FAE04EC0-301F-11D3-BF4B-00C04F79EFBC}") = "HttpInterface", "motHttpInterface\HttpInterface.csproj", "{D522056D-B7E5-471C-B784-89F93DAB5815}"
EndProject
Project("{FAE04EC0-301F-11D3-BF4B-00C04F79EFBC}") = "motHttpListenerTests", "motHttpListenerTests\motHttpListenerTests.csproj", "{DC530E35-7287-412B-B12C-5509B025B23B}"
EndProject
Project("{FAE04EC0-301F-11D3-BF4B-00C04F79EFBC}") = "motRecordTests", "motRecordTests\motRecordTests.csproj", "{7955C1AE-47A3-4278-96DB-5274207B2F4B}"
EndProject
Project("{FAE04EC0-301F-11D3-BF4B-00C04F79EFBC}") = "motHL7Tests", "motHL7Tests\motHL7Tests.csproj", "{25AAE4A3-FE75-417E-BFD6-8A4E356ABF31}"
EndProject
Project("{FAE04EC0-301F-11D3-BF4B-00C04F79EFBC}") = "TIMASIntegration", "TIMASIntegration\TIMASIntegration.csproj", "{A770F040-0904-40F2-9A65-17A5AB5A5D1C}"
EndProject
Project("{2150E333-8FDC-42A3-9474-1A3956D46DE8}") = "Graphics", "Graphics", "{D62E98A4-D8AF-455D-8CB0-BA733CF30FCE}"
	ProjectSection(SolutionItems) = preProject
		Graphics\MOT-Logo (256x256).png = Graphics\MOT-Logo (256x256).png
		Graphics\MOT-Proxy ICON.ico = Graphics\MOT-Proxy ICON.ico
		Graphics\MOT-Proxy Logo (250x250).png = Graphics\MOT-Proxy Logo (250x250).png
		Graphics\MOT.ico = Graphics\MOT.ico
	EndProjectSection
EndProject
Project("{FAE04EC0-301F-11D3-BF4B-00C04F79EFBC}") = "DelimitedProxy", "DelimitedProxy\DelimitedProxy.csproj", "{5825DD0D-9842-4982-9ACC-D7F30442CF6B}"
	ProjectSection(ProjectDependencies) = postProject
		{E6380E69-7E57-42A2-9D15-CFBA019B2CCD} = {E6380E69-7E57-42A2-9D15-CFBA019B2CCD}
		{CA048B94-057E-4F73-B60D-4F79096E46C9} = {CA048B94-057E-4F73-B60D-4F79096E46C9}
	EndProjectSection
EndProject
Project("{2150E333-8FDC-42A3-9474-1A3956D46DE8}") = "Templates", "Templates", "{DE918610-AC72-4947-88D1-D619E39F500A}"
EndProject
Project("{FAE04EC0-301F-11D3-BF4B-00C04F79EFBC}") = "defaultUI", "MODDelimitedProxy\defaultUI.csproj", "{89776962-5573-44A2-AAA3-B6FF10FF6DC3}"
EndProject
Project("{FAE04EC0-301F-11D3-BF4B-00C04F79EFBC}") = "HL7Proxy", "HL7Proxy\HL7Proxy.csproj", "{721544F6-A5BE-4FAA-8E81-67CD70251281}"
	ProjectSection(ProjectDependencies) = postProject
		{E6380E69-7E57-42A2-9D15-CFBA019B2CCD} = {E6380E69-7E57-42A2-9D15-CFBA019B2CCD}
		{CA048B94-057E-4F73-B60D-4F79096E46C9} = {CA048B94-057E-4F73-B60D-4F79096E46C9}
	EndProjectSection
EndProject
Global
	GlobalSection(SolutionConfigurationPlatforms) = preSolution
		Debug|Any CPU = Debug|Any CPU
		Release|Any CPU = Release|Any CPU
	EndGlobalSection
	GlobalSection(ProjectConfigurationPlatforms) = postSolution
		{9FDFE813-09AB-4D63-86CD-3A087711534F}.Debug|Any CPU.ActiveCfg = Debug|Any CPU
		{9FDFE813-09AB-4D63-86CD-3A087711534F}.Debug|Any CPU.Build.0 = Debug|Any CPU
		{9FDFE813-09AB-4D63-86CD-3A087711534F}.Release|Any CPU.ActiveCfg = Release|Any CPU
		{9FDFE813-09AB-4D63-86CD-3A087711534F}.Release|Any CPU.Build.0 = Release|Any CPU
		{E6380E69-7E57-42A2-9D15-CFBA019B2CCD}.Debug|Any CPU.ActiveCfg = Debug|Any CPU
		{E6380E69-7E57-42A2-9D15-CFBA019B2CCD}.Debug|Any CPU.Build.0 = Debug|Any CPU
		{E6380E69-7E57-42A2-9D15-CFBA019B2CCD}.Debug|Any CPU.Deploy.0 = Debug|Any CPU
		{E6380E69-7E57-42A2-9D15-CFBA019B2CCD}.Release|Any CPU.ActiveCfg = Release|Any CPU
		{E6380E69-7E57-42A2-9D15-CFBA019B2CCD}.Release|Any CPU.Build.0 = Release|Any CPU
		{350C754B-3E6F-4F06-A123-2945D108EDEC}.Debug|Any CPU.ActiveCfg = Debug|Any CPU
		{350C754B-3E6F-4F06-A123-2945D108EDEC}.Debug|Any CPU.Build.0 = Debug|Any CPU
		{350C754B-3E6F-4F06-A123-2945D108EDEC}.Release|Any CPU.ActiveCfg = Release|Any CPU
		{350C754B-3E6F-4F06-A123-2945D108EDEC}.Release|Any CPU.Build.0 = Release|Any CPU
		{ECEA37A9-2506-4BCE-A170-E9CB604C1B69}.Debug|Any CPU.ActiveCfg = Debug
		{ECEA37A9-2506-4BCE-A170-E9CB604C1B69}.Release|Any CPU.ActiveCfg = Release
		{77661540-2DF3-4699-9C30-251A4FF86B1C}.Debug|Any CPU.ActiveCfg = Debug|Any CPU
		{77661540-2DF3-4699-9C30-251A4FF86B1C}.Release|Any CPU.ActiveCfg = Release|Any CPU
		{77661540-2DF3-4699-9C30-251A4FF86B1C}.Release|Any CPU.Build.0 = Release|Any CPU
		{CA048B94-057E-4F73-B60D-4F79096E46C9}.Debug|Any CPU.ActiveCfg = Debug|Any CPU
		{CA048B94-057E-4F73-B60D-4F79096E46C9}.Debug|Any CPU.Build.0 = Debug|Any CPU
		{CA048B94-057E-4F73-B60D-4F79096E46C9}.Release|Any CPU.ActiveCfg = Release|Any CPU
		{CA048B94-057E-4F73-B60D-4F79096E46C9}.Release|Any CPU.Build.0 = Release|Any CPU
		{B8CACED9-09D0-411F-9FD6-11DCF222DDFD}.Debug|Any CPU.ActiveCfg = Debug|Any CPU
		{B8CACED9-09D0-411F-9FD6-11DCF222DDFD}.Debug|Any CPU.Build.0 = Debug|Any CPU
		{B8CACED9-09D0-411F-9FD6-11DCF222DDFD}.Release|Any CPU.ActiveCfg = Release|Any CPU
		{B8CACED9-09D0-411F-9FD6-11DCF222DDFD}.Release|Any CPU.Build.0 = Release|Any CPU
		{49D37C45-5CEA-4B25-B3DD-29B2FC52FCC7}.Debug|Any CPU.ActiveCfg = Debug|Any CPU
		{49D37C45-5CEA-4B25-B3DD-29B2FC52FCC7}.Debug|Any CPU.Build.0 = Debug|Any CPU
		{49D37C45-5CEA-4B25-B3DD-29B2FC52FCC7}.Release|Any CPU.ActiveCfg = Release|Any CPU
		{49D37C45-5CEA-4B25-B3DD-29B2FC52FCC7}.Release|Any CPU.Build.0 = Release|Any CPU
		{57731163-A29E-48E7-94B4-5A5F7E92BF03}.Debug|Any CPU.ActiveCfg = Debug|Any CPU
		{57731163-A29E-48E7-94B4-5A5F7E92BF03}.Debug|Any CPU.Build.0 = Debug|Any CPU
		{57731163-A29E-48E7-94B4-5A5F7E92BF03}.Release|Any CPU.ActiveCfg = Release|Any CPU
		{57731163-A29E-48E7-94B4-5A5F7E92BF03}.Release|Any CPU.Build.0 = Release|Any CPU
		{5BC63C94-E097-47EA-B5FD-1D21BF36DED7}.Debug|Any CPU.ActiveCfg = Debug|Any CPU
		{5BC63C94-E097-47EA-B5FD-1D21BF36DED7}.Debug|Any CPU.Build.0 = Debug|Any CPU
		{5BC63C94-E097-47EA-B5FD-1D21BF36DED7}.Release|Any CPU.ActiveCfg = Release|Any CPU
		{5BC63C94-E097-47EA-B5FD-1D21BF36DED7}.Release|Any CPU.Build.0 = Release|Any CPU
		{56E341BB-765E-4683-A292-56FF5F2FD7C5}.Debug|Any CPU.ActiveCfg = Debug|Any CPU
		{56E341BB-765E-4683-A292-56FF5F2FD7C5}.Debug|Any CPU.Build.0 = Debug|Any CPU
		{56E341BB-765E-4683-A292-56FF5F2FD7C5}.Release|Any CPU.ActiveCfg = Release|Any CPU
		{56E341BB-765E-4683-A292-56FF5F2FD7C5}.Release|Any CPU.Build.0 = Release|Any CPU
		{F491F90E-DF71-4DF5-B85E-03D9A498D9D1}.Debug|Any CPU.ActiveCfg = Debug|Any CPU
		{F491F90E-DF71-4DF5-B85E-03D9A498D9D1}.Debug|Any CPU.Build.0 = Debug|Any CPU
		{F491F90E-DF71-4DF5-B85E-03D9A498D9D1}.Release|Any CPU.ActiveCfg = Release|Any CPU
		{F491F90E-DF71-4DF5-B85E-03D9A498D9D1}.Release|Any CPU.Build.0 = Release|Any CPU
		{D522056D-B7E5-471C-B784-89F93DAB5815}.Debug|Any CPU.ActiveCfg = Debug|Any CPU
		{D522056D-B7E5-471C-B784-89F93DAB5815}.Debug|Any CPU.Build.0 = Debug|Any CPU
		{D522056D-B7E5-471C-B784-89F93DAB5815}.Release|Any CPU.ActiveCfg = Release|Any CPU
		{D522056D-B7E5-471C-B784-89F93DAB5815}.Release|Any CPU.Build.0 = Release|Any CPU
		{DC530E35-7287-412B-B12C-5509B025B23B}.Debug|Any CPU.ActiveCfg = Debug|Any CPU
		{DC530E35-7287-412B-B12C-5509B025B23B}.Debug|Any CPU.Build.0 = Debug|Any CPU
		{DC530E35-7287-412B-B12C-5509B025B23B}.Release|Any CPU.ActiveCfg = Release|Any CPU
		{DC530E35-7287-412B-B12C-5509B025B23B}.Release|Any CPU.Build.0 = Release|Any CPU
		{7955C1AE-47A3-4278-96DB-5274207B2F4B}.Debug|Any CPU.ActiveCfg = Debug|Any CPU
		{7955C1AE-47A3-4278-96DB-5274207B2F4B}.Debug|Any CPU.Build.0 = Debug|Any CPU
		{7955C1AE-47A3-4278-96DB-5274207B2F4B}.Release|Any CPU.ActiveCfg = Release|Any CPU
		{7955C1AE-47A3-4278-96DB-5274207B2F4B}.Release|Any CPU.Build.0 = Release|Any CPU
		{25AAE4A3-FE75-417E-BFD6-8A4E356ABF31}.Debug|Any CPU.ActiveCfg = Debug|Any CPU
		{25AAE4A3-FE75-417E-BFD6-8A4E356ABF31}.Debug|Any CPU.Build.0 = Debug|Any CPU
		{25AAE4A3-FE75-417E-BFD6-8A4E356ABF31}.Release|Any CPU.ActiveCfg = Release|Any CPU
		{25AAE4A3-FE75-417E-BFD6-8A4E356ABF31}.Release|Any CPU.Build.0 = Release|Any CPU
		{A770F040-0904-40F2-9A65-17A5AB5A5D1C}.Debug|Any CPU.ActiveCfg = Debug|Any CPU
		{A770F040-0904-40F2-9A65-17A5AB5A5D1C}.Debug|Any CPU.Build.0 = Debug|Any CPU
		{A770F040-0904-40F2-9A65-17A5AB5A5D1C}.Release|Any CPU.ActiveCfg = Release|Any CPU
		{A770F040-0904-40F2-9A65-17A5AB5A5D1C}.Release|Any CPU.Build.0 = Release|Any CPU
		{5825DD0D-9842-4982-9ACC-D7F30442CF6B}.Debug|Any CPU.ActiveCfg = Debug|Any CPU
		{5825DD0D-9842-4982-9ACC-D7F30442CF6B}.Debug|Any CPU.Build.0 = Debug|Any CPU
		{5825DD0D-9842-4982-9ACC-D7F30442CF6B}.Release|Any CPU.ActiveCfg = Release|Any CPU
		{5825DD0D-9842-4982-9ACC-D7F30442CF6B}.Release|Any CPU.Build.0 = Release|Any CPU
		{89776962-5573-44A2-AAA3-B6FF10FF6DC3}.Debug|Any CPU.ActiveCfg = Debug|Any CPU
		{89776962-5573-44A2-AAA3-B6FF10FF6DC3}.Debug|Any CPU.Build.0 = Debug|Any CPU
		{89776962-5573-44A2-AAA3-B6FF10FF6DC3}.Release|Any CPU.ActiveCfg = Release|Any CPU
		{89776962-5573-44A2-AAA3-B6FF10FF6DC3}.Release|Any CPU.Build.0 = Release|Any CPU
		{721544F6-A5BE-4FAA-8E81-67CD70251281}.Debug|Any CPU.ActiveCfg = Debug|Any CPU
		{721544F6-A5BE-4FAA-8E81-67CD70251281}.Debug|Any CPU.Build.0 = Debug|Any CPU
		{721544F6-A5BE-4FAA-8E81-67CD70251281}.Release|Any CPU.ActiveCfg = Release|Any CPU
		{721544F6-A5BE-4FAA-8E81-67CD70251281}.Release|Any CPU.Build.0 = Release|Any CPU
	EndGlobalSection
	GlobalSection(SolutionProperties) = preSolution
		HideSolutionNode = FALSE
	EndGlobalSection
	GlobalSection(NestedProjects) = preSolution
		{9FDFE813-09AB-4D63-86CD-3A087711534F} = {5AA5177A-1E42-41D2-BF38-9DF61F8DD0F9}
		{E6380E69-7E57-42A2-9D15-CFBA019B2CCD} = {FC0E43A3-BA36-4CD4-8F3C-40477E235AEF}
		{0B260832-0082-4E5A-B583-C0B14E20607D} = {DE918610-AC72-4947-88D1-D619E39F500A}
		{39B60310-AF0E-4ED4-AC51-2E17A661EECA} = {82CC8ABD-1DD7-4DD3-B000-3E76F552CB8B}
		{0046A0D5-B92A-4339-AE95-AFA05E467F54} = {0B260832-0082-4E5A-B583-C0B14E20607D}
		{E43EE68D-318B-4D71-A40C-99DA5C2F9A2A} = {0B260832-0082-4E5A-B583-C0B14E20607D}
		{350C754B-3E6F-4F06-A123-2945D108EDEC} = {95965FB8-B47F-4E4F-A249-1ED718D88EB9}
		{ECEA37A9-2506-4BCE-A170-E9CB604C1B69} = {64B1FA3D-6797-4DC4-93C4-BB7ED35D013C}
		{77661540-2DF3-4699-9C30-251A4FF86B1C} = {82CC8ABD-1DD7-4DD3-B000-3E76F552CB8B}
		{CA048B94-057E-4F73-B60D-4F79096E46C9} = {FC0E43A3-BA36-4CD4-8F3C-40477E235AEF}
		{B8CACED9-09D0-411F-9FD6-11DCF222DDFD} = {FC0E43A3-BA36-4CD4-8F3C-40477E235AEF}
		{49D37C45-5CEA-4B25-B3DD-29B2FC52FCC7} = {84715AFE-728C-4A37-8CB2-F654EFC8F076}
		{57731163-A29E-48E7-94B4-5A5F7E92BF03} = {84715AFE-728C-4A37-8CB2-F654EFC8F076}
		{5BC63C94-E097-47EA-B5FD-1D21BF36DED7} = {84715AFE-728C-4A37-8CB2-F654EFC8F076}
		{56E341BB-765E-4683-A292-56FF5F2FD7C5} = {95965FB8-B47F-4E4F-A249-1ED718D88EB9}
		{F491F90E-DF71-4DF5-B85E-03D9A498D9D1} = {95965FB8-B47F-4E4F-A249-1ED718D88EB9}
		{D522056D-B7E5-471C-B784-89F93DAB5815} = {95965FB8-B47F-4E4F-A249-1ED718D88EB9}
		{DC530E35-7287-412B-B12C-5509B025B23B} = {5AA5177A-1E42-41D2-BF38-9DF61F8DD0F9}
		{7955C1AE-47A3-4278-96DB-5274207B2F4B} = {5AA5177A-1E42-41D2-BF38-9DF61F8DD0F9}
		{25AAE4A3-FE75-417E-BFD6-8A4E356ABF31} = {5AA5177A-1E42-41D2-BF38-9DF61F8DD0F9}
		{A770F040-0904-40F2-9A65-17A5AB5A5D1C} = {84715AFE-728C-4A37-8CB2-F654EFC8F076}
		{5825DD0D-9842-4982-9ACC-D7F30442CF6B} = {95965FB8-B47F-4E4F-A249-1ED718D88EB9}
		{89776962-5573-44A2-AAA3-B6FF10FF6DC3} = {DE918610-AC72-4947-88D1-D619E39F500A}
		{721544F6-A5BE-4FAA-8E81-67CD70251281} = {95965FB8-B47F-4E4F-A249-1ED718D88EB9}
	EndGlobalSection
EndGlobal
